
Microsoft Visual Studio Solution File, Format Version 12.00
# Visual Studio 15
VisualStudioVersion = 15.0.26730.16
MinimumVisualStudioVersion = 10.0.40219.1
Project("{FAE04EC0-301F-11D3-BF4B-00C04F79EFBC}") = "FileCopier", "FileCopier\FileCopier.csproj", "{656645AF-765D-4BCA-8E44-0CD610612D1F}"
EndProject
Global
	GlobalSection(SolutionConfigurationPlatforms) = preSolution
		Debug|Any CPU = Debug|Any CPU
		Release|Any CPU = Release|Any CPU
	EndGlobalSection
	GlobalSection(ProjectConfigurationPlatforms) = postSolution
		{656645AF-765D-4BCA-8E44-0CD610612D1F}.Debug|Any CPU.ActiveCfg = Debug|Any CPU
		{656645AF-765D-4BCA-8E44-0CD610612D1F}.Debug|Any CPU.Build.0 = Debug|Any CPU
		{656645AF-765D-4BCA-8E44-0CD610612D1F}.Release|Any CPU.ActiveCfg = Release|Any CPU
		{656645AF-765D-4BCA-8E44-0CD610612D1F}.Release|Any CPU.Build.0 = Release|Any CPU
	EndGlobalSection
	GlobalSection(SolutionProperties) = preSolution
		HideSolutionNode = FALSE
	EndGlobalSection
	GlobalSection(ExtensibilityGlobals) = postSolution
		SolutionGuid = {BDF583D8-6AD7-4EFF-8B96-B150B41DDFBE}
	EndGlobalSection
EndGlobal
